{
  "name": "cdk-common",
  "version": "0.1.0",
  "lockfileVersion": 2,
  "requires": true,
  "packages": {
    "": {
      "name": "cdk-common",
      "version": "0.1.0",
      "license": "MIT",
      "devDependencies": {
        "constructs": "^10.1.42",
        "typescript": "^3.9.10"
      },
      "peerDependencies": {
        "constructs": ">=10.0.0"
      }
    },
    "node_modules/constructs": {
      "version": "10.1.42",
      "resolved": "https://registry.npmjs.org/constructs/-/constructs-10.1.42.tgz",
      "integrity": "sha512-5AELa/PFtZG+WTjn9HoXhqsDZYV6l3J7Li9xw6vREYVMasF8cnVbTZvA4crP1gIyKtBAxAlnZCmzmCbicnH6eg==",
      "dev": true,
      "engines": {
        "node": ">= 14.17.0"
      }
    },
    "node_modules/typescript": {
      "version": "3.9.10",
      "resolved": "https://registry.npmjs.org/typescript/-/typescript-3.9.10.tgz",
      "integrity": "sha512-w6fIxVE/H1PkLKcCPsFqKE7Kv7QUwhU8qQY2MueZXWx5cPZdwFupLgKK3vntcK98BtNHZtAF4LA/yl2a7k8R6Q==",
      "dev": true,
      "bin": {
        "tsc": "bin/tsc",
        "tsserver": "bin/tsserver"
      },
      "engines": {
        "node": ">=4.2.0"
      }
    }
  },
  "dependencies": {
    "constructs": {
      "version": "10.1.42",
      "resolved": "https://registry.npmjs.org/constructs/-/constructs-10.1.42.tgz",
      "integrity": "sha512-5AELa/PFtZG+WTjn9HoXhqsDZYV6l3J7Li9xw6vREYVMasF8cnVbTZvA4crP1gIyKtBAxAlnZCmzmCbicnH6eg==",
      "dev": true
    },
    "typescript": {
      "version": "3.9.10",
      "resolved": "https://registry.npmjs.org/typescript/-/typescript-3.9.10.tgz",
      "integrity": "sha512-w6fIxVE/H1PkLKcCPsFqKE7Kv7QUwhU8qQY2MueZXWx5cPZdwFupLgKK3vntcK98BtNHZtAF4LA/yl2a7k8R6Q==",
      "dev": true
    }
  }
}
